// !$*UTF8*$!
{
	archiveVersion = 1;
	classes = {
	};
	objectVersion = 51;
	objects = {

/* Begin PBXBuildFile section */
		6925A78C275F9CD4006410A7 /* IMDBNetwork.swift in Sources */ = {isa = PBXBuildFile; fileRef = 6925A78B275F9CD4006410A7 /* IMDBNetwork.swift */; };
		69577586276A37F300683386 /* IMDBRecord.swift in Sources */ = {isa = PBXBuildFile; fileRef = 69577585276A37F300683386 /* IMDBRecord.swift */; };
		6957758A276B80A100683386 /* MockIMDBNetwork.swift in Sources */ = {isa = PBXBuildFile; fileRef = 69577589276B80A100683386 /* MockIMDBNetwork.swift */; };
		6957758F276B85F900683386 /* trending.json in Resources */ = {isa = PBXBuildFile; fileRef = 6957758C276B81AA00683386 /* trending.json */; };
		69577590276B85FC00683386 /* topRated.json in Resources */ = {isa = PBXBuildFile; fileRef = 6957758D276B821F00683386 /* topRated.json */; };
		69577591276B860000683386 /* nowPlaying.json in Resources */ = {isa = PBXBuildFile; fileRef = 6957758E276B823200683386 /* nowPlaying.json */; };
		69577593276B8D2600683386 /* search.json in Resources */ = {isa = PBXBuildFile; fileRef = 69577592276B8C6800683386 /* search.json */; };
		6986EDEF274FBF4F007F7E89 /* IMDBSampleApp.swift in Sources */ = {isa = PBXBuildFile; fileRef = 6986EDEE274FBF4F007F7E89 /* IMDBSampleApp.swift */; };
		6986EDF1274FBF4F007F7E89 /* MoviesRaiting.swift in Sources */ = {isa = PBXBuildFile; fileRef = 6986EDF0274FBF4F007F7E89 /* MoviesRaiting.swift */; };
		6986EDF3274FBF50007F7E89 /* Assets.xcassets in Resources */ = {isa = PBXBuildFile; fileRef = 6986EDF2274FBF50007F7E89 /* Assets.xcassets */; };
		6986EDF6274FBF50007F7E89 /* Preview Assets.xcassets in Resources */ = {isa = PBXBuildFile; fileRef = 6986EDF5274FBF50007F7E89 /* Preview Assets.xcassets */; };
		6986EDFF274FC1A9007F7E89 /* IMDBConstants.swift in Sources */ = {isa = PBXBuildFile; fileRef = 6986EDFE274FC1A9007F7E89 /* IMDBConstants.swift */; };
		6986EE02274FC6B8007F7E89 /* NetworkLayer.swift in Sources */ = {isa = PBXBuildFile; fileRef = 6986EE01274FC6B8007F7E89 /* NetworkLayer.swift */; };
		6986EE06274FCAE4007F7E89 /* IMDBHomeRepo.swift in Sources */ = {isa = PBXBuildFile; fileRef = 6986EE05274FCAE4007F7E89 /* IMDBHomeRepo.swift */; };
		6986EE08274FCE94007F7E89 /* IMDBResponse.swift in Sources */ = {isa = PBXBuildFile; fileRef = 6986EE07274FCE94007F7E89 /* IMDBResponse.swift */; };
		6986EE15274FD085007F7E89 /* IMDBSampleTests.swift in Sources */ = {isa = PBXBuildFile; fileRef = 6986EE14274FD085007F7E89 /* IMDBSampleTests.swift */; };
		6999D9742750119800DC47E9 /* SearchBar.swift in Sources */ = {isa = PBXBuildFile; fileRef = 6999D9732750119800DC47E9 /* SearchBar.swift */; };
		69A92E96274FF5C400982B10 /* MovieCardView.swift in Sources */ = {isa = PBXBuildFile; fileRef = 69A92E95274FF5C400982B10 /* MovieCardView.swift */; };
		69A92E98274FF96B00982B10 /* MovieCardViewModel.swift in Sources */ = {isa = PBXBuildFile; fileRef = 69A92E97274FF96B00982B10 /* MovieCardViewModel.swift */; };
		69B005D027E0E8AA00466050 /* XCTestCase+AwaitPublisher.swift in Sources */ = {isa = PBXBuildFile; fileRef = 69B005CF27E0E8AA00466050 /* XCTestCase+AwaitPublisher.swift */; };
		69CDAC92275E651900057E60 /* MoviesRaitingviewModel.swift in Sources */ = {isa = PBXBuildFile; fileRef = 69CDAC91275E651900057E60 /* MoviesRaitingviewModel.swift */; };
		69CDAC94275E76B700057E60 /* LoadingView.swift in Sources */ = {isa = PBXBuildFile; fileRef = 69CDAC93275E76B700057E60 /* LoadingView.swift */; };
		B430DC6264DD13070D1B8054 /* Pods_IMDBSample.framework in Frameworks */ = {isa = PBXBuildFile; fileRef = 818AB1FF0923B410B90655FA /* Pods_IMDBSample.framework */; };
		B8B58CFDCA80859B3BEBADE5 /* Pods_IMDBSampleTests.framework in Frameworks */ = {isa = PBXBuildFile; fileRef = F6AD43BA8B632E3CFC19E9F7 /* Pods_IMDBSampleTests.framework */; };
/* End PBXBuildFile section */

/* Begin PBXContainerItemProxy section */
		6986EE17274FD086007F7E89 /* PBXContainerItemProxy */ = {
			isa = PBXContainerItemProxy;
			containerPortal = 6986EDE3274FBF4F007F7E89 /* Project object */;
			proxyType = 1;
			remoteGlobalIDString = 6986EDEA274FBF4F007F7E89;
			remoteInfo = IMDBSample;
		};
/* End PBXContainerItemProxy section */

/* Begin PBXFileReference section */
		51D2E0F01BB75E238D4E71B5 /* Pods-IMDBSampleTests.debug.xcconfig */ = {isa = PBXFileReference; includeInIndex = 1; lastKnownFileType = text.xcconfig; name = "Pods-IMDBSampleTests.debug.xcconfig"; path = "Target Support Files/Pods-IMDBSampleTests/Pods-IMDBSampleTests.debug.xcconfig"; sourceTree = "<group>"; };
		578EF1B95DF34FA5C6161E5B /* Pods-IMDBSample.debug.xcconfig */ = {isa = PBXFileReference; includeInIndex = 1; lastKnownFileType = text.xcconfig; name = "Pods-IMDBSample.debug.xcconfig"; path = "Target Support Files/Pods-IMDBSample/Pods-IMDBSample.debug.xcconfig"; sourceTree = "<group>"; };
		6925A78B275F9CD4006410A7 /* IMDBNetwork.swift */ = {isa = PBXFileReference; lastKnownFileType = sourcecode.swift; path = IMDBNetwork.swift; sourceTree = "<group>"; };
		69577585276A37F300683386 /* IMDBRecord.swift */ = {isa = PBXFileReference; lastKnownFileType = sourcecode.swift; path = IMDBRecord.swift; sourceTree = "<group>"; };
		69577589276B80A100683386 /* MockIMDBNetwork.swift */ = {isa = PBXFileReference; lastKnownFileType = sourcecode.swift; path = MockIMDBNetwork.swift; sourceTree = "<group>"; };
		6957758C276B81AA00683386 /* trending.json */ = {isa = PBXFileReference; lastKnownFileType = text.json; path = trending.json; sourceTree = "<group>"; };
		6957758D276B821F00683386 /* topRated.json */ = {isa = PBXFileReference; lastKnownFileType = text.json; path = topRated.json; sourceTree = "<group>"; };
		6957758E276B823200683386 /* nowPlaying.json */ = {isa = PBXFileReference; lastKnownFileType = text.json; path = nowPlaying.json; sourceTree = "<group>"; };
		69577592276B8C6800683386 /* search.json */ = {isa = PBXFileReference; lastKnownFileType = text.json; path = search.json; sourceTree = "<group>"; };
		6986EDEB274FBF4F007F7E89 /* IMDBSample.app */ = {isa = PBXFileReference; explicitFileType = wrapper.application; includeInIndex = 0; path = IMDBSample.app; sourceTree = BUILT_PRODUCTS_DIR; };
		6986EDEE274FBF4F007F7E89 /* IMDBSampleApp.swift */ = {isa = PBXFileReference; lastKnownFileType = sourcecode.swift; path = IMDBSampleApp.swift; sourceTree = "<group>"; };
		6986EDF0274FBF4F007F7E89 /* MoviesRaiting.swift */ = {isa = PBXFileReference; lastKnownFileType = sourcecode.swift; path = MoviesRaiting.swift; sourceTree = "<group>"; };
		6986EDF2274FBF50007F7E89 /* Assets.xcassets */ = {isa = PBXFileReference; lastKnownFileType = folder.assetcatalog; path = Assets.xcassets; sourceTree = "<group>"; };
		6986EDF5274FBF50007F7E89 /* Preview Assets.xcassets */ = {isa = PBXFileReference; lastKnownFileType = folder.assetcatalog; path = "Preview Assets.xcassets"; sourceTree = "<group>"; };
		6986EDF7274FBF50007F7E89 /* Info.plist */ = {isa = PBXFileReference; lastKnownFileType = text.plist.xml; path = Info.plist; sourceTree = "<group>"; };
		6986EDFE274FC1A9007F7E89 /* IMDBConstants.swift */ = {isa = PBXFileReference; lastKnownFileType = sourcecode.swift; path = IMDBConstants.swift; sourceTree = "<group>"; };
		6986EE01274FC6B8007F7E89 /* NetworkLayer.swift */ = {isa = PBXFileReference; lastKnownFileType = sourcecode.swift; path = NetworkLayer.swift; sourceTree = "<group>"; };
		6986EE05274FCAE4007F7E89 /* IMDBHomeRepo.swift */ = {isa = PBXFileReference; lastKnownFileType = sourcecode.swift; path = IMDBHomeRepo.swift; sourceTree = "<group>"; };
		6986EE07274FCE94007F7E89 /* IMDBResponse.swift */ = {isa = PBXFileReference; lastKnownFileType = sourcecode.swift; path = IMDBResponse.swift; sourceTree = "<group>"; };
		6986EE12274FD085007F7E89 /* IMDBSampleTests.xctest */ = {isa = PBXFileReference; explicitFileType = wrapper.cfbundle; includeInIndex = 0; path = IMDBSampleTests.xctest; sourceTree = BUILT_PRODUCTS_DIR; };
		6986EE14274FD085007F7E89 /* IMDBSampleTests.swift */ = {isa = PBXFileReference; lastKnownFileType = sourcecode.swift; path = IMDBSampleTests.swift; sourceTree = "<group>"; };
		6986EE16274FD086007F7E89 /* Info.plist */ = {isa = PBXFileReference; lastKnownFileType = text.plist.xml; path = Info.plist; sourceTree = "<group>"; };
		6999D9732750119800DC47E9 /* SearchBar.swift */ = {isa = PBXFileReference; lastKnownFileType = sourcecode.swift; path = SearchBar.swift; sourceTree = "<group>"; };
		69A92E95274FF5C400982B10 /* MovieCardView.swift */ = {isa = PBXFileReference; lastKnownFileType = sourcecode.swift; path = MovieCardView.swift; sourceTree = "<group>"; };
		69A92E97274FF96B00982B10 /* MovieCardViewModel.swift */ = {isa = PBXFileReference; lastKnownFileType = sourcecode.swift; path = MovieCardViewModel.swift; sourceTree = "<group>"; };
		69B005CF27E0E8AA00466050 /* XCTestCase+AwaitPublisher.swift */ = {isa = PBXFileReference; lastKnownFileType = sourcecode.swift; path = "XCTestCase+AwaitPublisher.swift"; sourceTree = "<group>"; };
		69CDAC91275E651900057E60 /* MoviesRaitingviewModel.swift */ = {isa = PBXFileReference; lastKnownFileType = sourcecode.swift; path = MoviesRaitingviewModel.swift; sourceTree = "<group>"; };
		69CDAC93275E76B700057E60 /* LoadingView.swift */ = {isa = PBXFileReference; lastKnownFileType = sourcecode.swift; path = LoadingView.swift; sourceTree = "<group>"; };
		818AB1FF0923B410B90655FA /* Pods_IMDBSample.framework */ = {isa = PBXFileReference; explicitFileType = wrapper.framework; includeInIndex = 0; path = Pods_IMDBSample.framework; sourceTree = BUILT_PRODUCTS_DIR; };
		8616CD964DD43CA3DC9A5085 /* Pods-IMDBSample.release.xcconfig */ = {isa = PBXFileReference; includeInIndex = 1; lastKnownFileType = text.xcconfig; name = "Pods-IMDBSample.release.xcconfig"; path = "Target Support Files/Pods-IMDBSample/Pods-IMDBSample.release.xcconfig"; sourceTree = "<group>"; };
		B625A738C3A07AA94A444E7B /* Pods-IMDBSampleTests.release.xcconfig */ = {isa = PBXFileReference; includeInIndex = 1; lastKnownFileType = text.xcconfig; name = "Pods-IMDBSampleTests.release.xcconfig"; path = "Target Support Files/Pods-IMDBSampleTests/Pods-IMDBSampleTests.release.xcconfig"; sourceTree = "<group>"; };
		F6AD43BA8B632E3CFC19E9F7 /* Pods_IMDBSampleTests.framework */ = {isa = PBXFileReference; explicitFileType = wrapper.framework; includeInIndex = 0; path = Pods_IMDBSampleTests.framework; sourceTree = BUILT_PRODUCTS_DIR; };
/* End PBXFileReference section */

/* Begin PBXFrameworksBuildPhase section */
		6986EDE8274FBF4F007F7E89 /* Frameworks */ = {
			isa = PBXFrameworksBuildPhase;
			buildActionMask = 2147483647;
			files = (
				B430DC6264DD13070D1B8054 /* Pods_IMDBSample.framework in Frameworks */,
			);
			runOnlyForDeploymentPostprocessing = 0;
		};
		6986EE0F274FD085007F7E89 /* Frameworks */ = {
			isa = PBXFrameworksBuildPhase;
			buildActionMask = 2147483647;
			files = (
				B8B58CFDCA80859B3BEBADE5 /* Pods_IMDBSampleTests.framework in Frameworks */,
			);
			runOnlyForDeploymentPostprocessing = 0;
		};
/* End PBXFrameworksBuildPhase section */

/* Begin PBXGroup section */
		6957758B276B818900683386 /* Json mock data */ = {
			isa = PBXGroup;
			children = (
				6957758C276B81AA00683386 /* trending.json */,
				6957758D276B821F00683386 /* topRated.json */,
				6957758E276B823200683386 /* nowPlaying.json */,
				69577592276B8C6800683386 /* search.json */,
			);
			path = "Json mock data";
			sourceTree = "<group>";
		};
		6986EDE2274FBF4F007F7E89 = {
			isa = PBXGroup;
			children = (
				6986EDED274FBF4F007F7E89 /* IMDBSample */,
				6986EE13274FD085007F7E89 /* IMDBSampleTests */,
				6986EDEC274FBF4F007F7E89 /* Products */,
				743D30C6217221931FC34ACB /* Pods */,
				D8282DE74E4AE5CB31846D76 /* Frameworks */,
			);
			sourceTree = "<group>";
		};
		6986EDEC274FBF4F007F7E89 /* Products */ = {
			isa = PBXGroup;
			children = (
				6986EDEB274FBF4F007F7E89 /* IMDBSample.app */,
				6986EE12274FD085007F7E89 /* IMDBSampleTests.xctest */,
			);
			name = Products;
			sourceTree = "<group>";
		};
		6986EDED274FBF4F007F7E89 /* IMDBSample */ = {
			isa = PBXGroup;
			children = (
				69A92E90274FF2FE00982B10 /* Screens */,
				6986EE03274FCAC3007F7E89 /* Repos */,
				6986EDFD274FC183007F7E89 /* Helpers */,
				6986EDEE274FBF4F007F7E89 /* IMDBSampleApp.swift */,
				6986EDF2274FBF50007F7E89 /* Assets.xcassets */,
				6986EDF7274FBF50007F7E89 /* Info.plist */,
				6986EDF4274FBF50007F7E89 /* Preview Content */,
			);
			path = IMDBSample;
			sourceTree = "<group>";
		};
		6986EDF4274FBF50007F7E89 /* Preview Content */ = {
			isa = PBXGroup;
			children = (
				6986EDF5274FBF50007F7E89 /* Preview Assets.xcassets */,
			);
			path = "Preview Content";
			sourceTree = "<group>";
		};
		6986EDFD274FC183007F7E89 /* Helpers */ = {
			isa = PBXGroup;
			children = (
				6986EDFE274FC1A9007F7E89 /* IMDBConstants.swift */,
				6986EE01274FC6B8007F7E89 /* NetworkLayer.swift */,
				69CDAC93275E76B700057E60 /* LoadingView.swift */,
				6925A78B275F9CD4006410A7 /* IMDBNetwork.swift */,
			);
			path = Helpers;
			sourceTree = "<group>";
		};
		6986EE03274FCAC3007F7E89 /* Repos */ = {
			isa = PBXGroup;
			children = (
				6986EE05274FCAE4007F7E89 /* IMDBHomeRepo.swift */,
				6986EE07274FCE94007F7E89 /* IMDBResponse.swift */,
				69577585276A37F300683386 /* IMDBRecord.swift */,
			);
			path = Repos;
			sourceTree = "<group>";
		};
		6986EE13274FD085007F7E89 /* IMDBSampleTests */ = {
			isa = PBXGroup;
			children = (
				6957758B276B818900683386 /* Json mock data */,
				6986EE14274FD085007F7E89 /* IMDBSampleTests.swift */,
				6986EE16274FD086007F7E89 /* Info.plist */,
				69577589276B80A100683386 /* MockIMDBNetwork.swift */,
				69B005CF27E0E8AA00466050 /* XCTestCase+AwaitPublisher.swift */,
			);
			path = IMDBSampleTests;
			sourceTree = "<group>";
		};
		69A92E90274FF2FE00982B10 /* Screens */ = {
			isa = PBXGroup;
			children = (
				69A92E91274FF30700982B10 /* Movies raiting */,
			);
			path = Screens;
			sourceTree = "<group>";
		};
		69A92E91274FF30700982B10 /* Movies raiting */ = {
			isa = PBXGroup;
			children = (
				69A92E94274FF5B900982B10 /* Movie card */,
				6986EDF0274FBF4F007F7E89 /* MoviesRaiting.swift */,
				6999D9732750119800DC47E9 /* SearchBar.swift */,
				69CDAC91275E651900057E60 /* MoviesRaitingviewModel.swift */,
			);
			path = "Movies raiting";
			sourceTree = "<group>";
		};
		69A92E94274FF5B900982B10 /* Movie card */ = {
			isa = PBXGroup;
			children = (
				69A92E95274FF5C400982B10 /* MovieCardView.swift */,
				69A92E97274FF96B00982B10 /* MovieCardViewModel.swift */,
			);
			path = "Movie card";
			sourceTree = "<group>";
		};
		743D30C6217221931FC34ACB /* Pods */ = {
			isa = PBXGroup;
			children = (
				578EF1B95DF34FA5C6161E5B /* Pods-IMDBSample.debug.xcconfig */,
				8616CD964DD43CA3DC9A5085 /* Pods-IMDBSample.release.xcconfig */,
				51D2E0F01BB75E238D4E71B5 /* Pods-IMDBSampleTests.debug.xcconfig */,
				B625A738C3A07AA94A444E7B /* Pods-IMDBSampleTests.release.xcconfig */,
			);
			path = Pods;
			sourceTree = "<group>";
		};
		D8282DE74E4AE5CB31846D76 /* Frameworks */ = {
			isa = PBXGroup;
			children = (
				818AB1FF0923B410B90655FA /* Pods_IMDBSample.framework */,
				F6AD43BA8B632E3CFC19E9F7 /* Pods_IMDBSampleTests.framework */,
			);
			name = Frameworks;
			sourceTree = "<group>";
		};
/* End PBXGroup section */

/* Begin PBXNativeTarget section */
		6986EDEA274FBF4F007F7E89 /* IMDBSample */ = {
			isa = PBXNativeTarget;
			buildConfigurationList = 6986EDFA274FBF50007F7E89 /* Build configuration list for PBXNativeTarget "IMDBSample" */;
			buildPhases = (
				99AD02E362261CF505321DF2 /* [CP] Check Pods Manifest.lock */,
				6986EDE7274FBF4F007F7E89 /* Sources */,
				6986EDE8274FBF4F007F7E89 /* Frameworks */,
				6986EDE9274FBF4F007F7E89 /* Resources */,
				427D02D64AB5025784377E05 /* [CP] Embed Pods Frameworks */,
			);
			buildRules = (
			);
			dependencies = (
			);
			name = IMDBSample;
			productName = IMDBSample;
			productReference = 6986EDEB274FBF4F007F7E89 /* IMDBSample.app */;
			productType = "com.apple.product-type.application";
		};
		6986EE11274FD085007F7E89 /* IMDBSampleTests */ = {
			isa = PBXNativeTarget;
			buildConfigurationList = 6986EE19274FD086007F7E89 /* Build configuration list for PBXNativeTarget "IMDBSampleTests" */;
			buildPhases = (
				FB2BC42538EAFD215EC0DD66 /* [CP] Check Pods Manifest.lock */,
				6986EE0E274FD085007F7E89 /* Sources */,
				6986EE0F274FD085007F7E89 /* Frameworks */,
				6986EE10274FD085007F7E89 /* Resources */,
			);
			buildRules = (
			);
			dependencies = (
				6986EE18274FD086007F7E89 /* PBXTargetDependency */,
			);
			name = IMDBSampleTests;
			productName = IMDBSampleTests;
			productReference = 6986EE12274FD085007F7E89 /* IMDBSampleTests.xctest */;
			productType = "com.apple.product-type.bundle.unit-test";
		};
/* End PBXNativeTarget section */

/* Begin PBXProject section */
		6986EDE3274FBF4F007F7E89 /* Project object */ = {
			isa = PBXProject;
			attributes = {
				LastSwiftUpdateCheck = 1250;
				LastUpgradeCheck = 1250;
				TargetAttributes = {
					6986EDEA274FBF4F007F7E89 = {
						CreatedOnToolsVersion = 12.5.1;
					};
					6986EE11274FD085007F7E89 = {
						CreatedOnToolsVersion = 12.5.1;
						TestTargetID = 6986EDEA274FBF4F007F7E89;
					};
				};
			};
			buildConfigurationList = 6986EDE6274FBF4F007F7E89 /* Build configuration list for PBXProject "IMDBSample" */;
			compatibilityVersion = "Xcode 9.3";
			developmentRegion = en;
			hasScannedForEncodings = 0;
			knownRegions = (
				en,
				Base,
			);
			mainGroup = 6986EDE2274FBF4F007F7E89;
			productRefGroup = 6986EDEC274FBF4F007F7E89 /* Products */;
			projectDirPath = "";
			projectRoot = "";
			targets = (
				6986EDEA274FBF4F007F7E89 /* IMDBSample */,
				6986EE11274FD085007F7E89 /* IMDBSampleTests */,
			);
		};
/* End PBXProject section */

/* Begin PBXResourcesBuildPhase section */
		6986EDE9274FBF4F007F7E89 /* Resources */ = {
			isa = PBXResourcesBuildPhase;
			buildActionMask = 2147483647;
			files = (
				6986EDF6274FBF50007F7E89 /* Preview Assets.xcassets in Resources */,
				6986EDF3274FBF50007F7E89 /* Assets.xcassets in Resources */,
			);
			runOnlyForDeploymentPostprocessing = 0;
		};
		6986EE10274FD085007F7E89 /* Resources */ = {
			isa = PBXResourcesBuildPhase;
			buildActionMask = 2147483647;
			files = (
				69577590276B85FC00683386 /* topRated.json in Resources */,
				69577593276B8D2600683386 /* search.json in Resources */,
				69577591276B860000683386 /* nowPlaying.json in Resources */,
				6957758F276B85F900683386 /* trending.json in Resources */,
			);
			runOnlyForDeploymentPostprocessing = 0;
		};
/* End PBXResourcesBuildPhase section */

/* Begin PBXShellScriptBuildPhase section */
		427D02D64AB5025784377E05 /* [CP] Embed Pods Frameworks */ = {
			isa = PBXShellScriptBuildPhase;
			buildActionMask = 2147483647;
			files = (
			);
			inputFileListPaths = (
				"${PODS_ROOT}/Target Support Files/Pods-IMDBSample/Pods-IMDBSample-frameworks-${CONFIGURATION}-input-files.xcfilelist",
			);
			name = "[CP] Embed Pods Frameworks";
			outputFileListPaths = (
				"${PODS_ROOT}/Target Support Files/Pods-IMDBSample/Pods-IMDBSample-frameworks-${CONFIGURATION}-output-files.xcfilelist",
			);
			runOnlyForDeploymentPostprocessing = 0;
			shellPath = /bin/sh;
			shellScript = "\"${PODS_ROOT}/Target Support Files/Pods-IMDBSample/Pods-IMDBSample-frameworks.sh\"\n";
			showEnvVarsInLog = 0;
		};
		99AD02E362261CF505321DF2 /* [CP] Check Pods Manifest.lock */ = {
			isa = PBXShellScriptBuildPhase;
			buildActionMask = 2147483647;
			files = (
			);
			inputFileListPaths = (
			);
			inputPaths = (
				"${PODS_PODFILE_DIR_PATH}/Podfile.lock",
				"${PODS_ROOT}/Manifest.lock",
			);
			name = "[CP] Check Pods Manifest.lock";
			outputFileListPaths = (
			);
			outputPaths = (
				"$(DERIVED_FILE_DIR)/Pods-IMDBSample-checkManifestLockResult.txt",
			);
			runOnlyForDeploymentPostprocessing = 0;
			shellPath = /bin/sh;
			shellScript = "diff \"${PODS_PODFILE_DIR_PATH}/Podfile.lock\" \"${PODS_ROOT}/Manifest.lock\" > /dev/null\nif [ $? != 0 ] ; then\n    # print error to STDERR\n    echo \"error: The sandbox is not in sync with the Podfile.lock. Run 'pod install' or update your CocoaPods installation.\" >&2\n    exit 1\nfi\n# This output is used by Xcode 'outputs' to avoid re-running this script phase.\necho \"SUCCESS\" > \"${SCRIPT_OUTPUT_FILE_0}\"\n";
			showEnvVarsInLog = 0;
		};
		FB2BC42538EAFD215EC0DD66 /* [CP] Check Pods Manifest.lock */ = {
			isa = PBXShellScriptBuildPhase;
			buildActionMask = 2147483647;
			files = (
			);
			inputFileListPaths = (
			);
			inputPaths = (
				"${PODS_PODFILE_DIR_PATH}/Podfile.lock",
				"${PODS_ROOT}/Manifest.lock",
			);
			name = "[CP] Check Pods Manifest.lock";
			outputFileListPaths = (
			);
			outputPaths = (
				"$(DERIVED_FILE_DIR)/Pods-IMDBSampleTests-checkManifestLockResult.txt",
			);
			runOnlyForDeploymentPostprocessing = 0;
			shellPath = /bin/sh;
			shellScript = "diff \"${PODS_PODFILE_DIR_PATH}/Podfile.lock\" \"${PODS_ROOT}/Manifest.lock\" > /dev/null\nif [ $? != 0 ] ; then\n    # print error to STDERR\n    echo \"error: The sandbox is not in sync with the Podfile.lock. Run 'pod install' or update your CocoaPods installation.\" >&2\n    exit 1\nfi\n# This output is used by Xcode 'outputs' to avoid re-running this script phase.\necho \"SUCCESS\" > \"${SCRIPT_OUTPUT_FILE_0}\"\n";
			showEnvVarsInLog = 0;
		};
/* End PBXShellScriptBuildPhase section */

/* Begin PBXSourcesBuildPhase section */
		6986EDE7274FBF4F007F7E89 /* Sources */ = {
			isa = PBXSourcesBuildPhase;
			buildActionMask = 2147483647;
			files = (
				69A92E98274FF96B00982B10 /* MovieCardViewModel.swift in Sources */,
				6986EDF1274FBF4F007F7E89 /* MoviesRaiting.swift in Sources */,
				6986EE02274FC6B8007F7E89 /* NetworkLayer.swift in Sources */,
				69CDAC94275E76B700057E60 /* LoadingView.swift in Sources */,
				6986EDFF274FC1A9007F7E89 /* IMDBConstants.swift in Sources */,
				69577586276A37F300683386 /* IMDBRecord.swift in Sources */,
				69A92E96274FF5C400982B10 /* MovieCardView.swift in Sources */,
				6925A78C275F9CD4006410A7 /* IMDBNetwork.swift in Sources */,
				6986EE08274FCE94007F7E89 /* IMDBResponse.swift in Sources */,
				6999D9742750119800DC47E9 /* SearchBar.swift in Sources */,
				6986EDEF274FBF4F007F7E89 /* IMDBSampleApp.swift in Sources */,
				69CDAC92275E651900057E60 /* MoviesRaitingviewModel.swift in Sources */,
				6986EE06274FCAE4007F7E89 /* IMDBHomeRepo.swift in Sources */,
			);
			runOnlyForDeploymentPostprocessing = 0;
		};
		6986EE0E274FD085007F7E89 /* Sources */ = {
			isa = PBXSourcesBuildPhase;
			buildActionMask = 2147483647;
			files = (
				6957758A276B80A100683386 /* MockIMDBNetwork.swift in Sources */,
				6986EE15274FD085007F7E89 /* IMDBSampleTests.swift in Sources */,
				69B005D027E0E8AA00466050 /* XCTestCase+AwaitPublisher.swift in Sources */,
			);
			runOnlyForDeploymentPostprocessing = 0;
		};
/* End PBXSourcesBuildPhase section */

/* Begin PBXTargetDependency section */
		6986EE18274FD086007F7E89 /* PBXTargetDependency */ = {
			isa = PBXTargetDependency;
			target = 6986EDEA274FBF4F007F7E89 /* IMDBSample */;
			targetProxy = 6986EE17274FD086007F7E89 /* PBXContainerItemProxy */;
		};
/* End PBXTargetDependency section */

/* Begin XCBuildConfiguration section */
		6986EDF8274FBF50007F7E89 /* Debug */ = {
			isa = XCBuildConfiguration;
			buildSettings = {
				ALWAYS_SEARCH_USER_PATHS = NO;
				CLANG_ANALYZER_NONNULL = YES;
				CLANG_ANALYZER_NUMBER_OBJECT_CONVERSION = YES_AGGRESSIVE;
				CLANG_CXX_LANGUAGE_STANDARD = "gnu++14";
				CLANG_CXX_LIBRARY = "libc++";
				CLANG_ENABLE_MODULES = YES;
				CLANG_ENABLE_OBJC_ARC = YES;
				CLANG_ENABLE_OBJC_WEAK = YES;
				CLANG_WARN_BLOCK_CAPTURE_AUTORELEASING = YES;
				CLANG_WARN_BOOL_CONVERSION = YES;
				CLANG_WARN_COMMA = YES;
				CLANG_WARN_CONSTANT_CONVERSION = YES;
				CLANG_WARN_DEPRECATED_OBJC_IMPLEMENTATIONS = YES;
				CLANG_WARN_DIRECT_OBJC_ISA_USAGE = YES_ERROR;
				CLANG_WARN_DOCUMENTATION_COMMENTS = YES;
				CLANG_WARN_EMPTY_BODY = YES;
				CLANG_WARN_ENUM_CONVERSION = YES;
				CLANG_WARN_INFINITE_RECURSION = YES;
				CLANG_WARN_INT_CONVERSION = YES;
				CLANG_WARN_NON_LITERAL_NULL_CONVERSION = YES;
				CLANG_WARN_OBJC_IMPLICIT_RETAIN_SELF = YES;
				CLANG_WARN_OBJC_LITERAL_CONVERSION = YES;
				CLANG_WARN_OBJC_ROOT_CLASS = YES_ERROR;
				CLANG_WARN_QUOTED_INCLUDE_IN_FRAMEWORK_HEADER = YES;
				CLANG_WARN_RANGE_LOOP_ANALYSIS = YES;
				CLANG_WARN_STRICT_PROTOTYPES = YES;
				CLANG_WARN_SUSPICIOUS_MOVE = YES;
				CLANG_WARN_UNGUARDED_AVAILABILITY = YES_AGGRESSIVE;
				CLANG_WARN_UNREACHABLE_CODE = YES;
				CLANG_WARN__DUPLICATE_METHOD_MATCH = YES;
				COPY_PHASE_STRIP = NO;
				DEBUG_INFORMATION_FORMAT = dwarf;
				ENABLE_STRICT_OBJC_MSGSEND = YES;
				ENABLE_TESTABILITY = YES;
				GCC_C_LANGUAGE_STANDARD = gnu11;
				GCC_DYNAMIC_NO_PIC = NO;
				GCC_NO_COMMON_BLOCKS = YES;
				GCC_OPTIMIZATION_LEVEL = 0;
				GCC_PREPROCESSOR_DEFINITIONS = (
					"DEBUG=1",
					"$(inherited)",
				);
				GCC_WARN_64_TO_32_BIT_CONVERSION = YES;
				GCC_WARN_ABOUT_RETURN_TYPE = YES_ERROR;
				GCC_WARN_UNDECLARED_SELECTOR = YES;
				GCC_WARN_UNINITIALIZED_AUTOS = YES_AGGRESSIVE;
				GCC_WARN_UNUSED_FUNCTION = YES;
				GCC_WARN_UNUSED_VARIABLE = YES;
				IPHONEOS_DEPLOYMENT_TARGET = 14.5;
				MTL_ENABLE_DEBUG_INFO = INCLUDE_SOURCE;
				MTL_FAST_MATH = YES;
				ONLY_ACTIVE_ARCH = YES;
				SDKROOT = iphoneos;
				SWIFT_ACTIVE_COMPILATION_CONDITIONS = DEBUG;
				SWIFT_OPTIMIZATION_LEVEL = "-Onone";
			};
			name = Debug;
		};
		6986EDF9274FBF50007F7E89 /* Release */ = {
			isa = XCBuildConfiguration;
			buildSettings = {
				ALWAYS_SEARCH_USER_PATHS = NO;
				CLANG_ANALYZER_NONNULL = YES;
				CLANG_ANALYZER_NUMBER_OBJECT_CONVERSION = YES_AGGRESSIVE;
				CLANG_CXX_LANGUAGE_STANDARD = "gnu++14";
				CLANG_CXX_LIBRARY = "libc++";
				CLANG_ENABLE_MODULES = YES;
				CLANG_ENABLE_OBJC_ARC = YES;
				CLANG_ENABLE_OBJC_WEAK = YES;
				CLANG_WARN_BLOCK_CAPTURE_AUTORELEASING = YES;
				CLANG_WARN_BOOL_CONVERSION = YES;
				CLANG_WARN_COMMA = YES;
				CLANG_WARN_CONSTANT_CONVERSION = YES;
				CLANG_WARN_DEPRECATED_OBJC_IMPLEMENTATIONS = YES;
				CLANG_WARN_DIRECT_OBJC_ISA_USAGE = YES_ERROR;
				CLANG_WARN_DOCUMENTATION_COMMENTS = YES;
				CLANG_WARN_EMPTY_BODY = YES;
				CLANG_WARN_ENUM_CONVERSION = YES;
				CLANG_WARN_INFINITE_RECURSION = YES;
				CLANG_WARN_INT_CONVERSION = YES;
				CLANG_WARN_NON_LITERAL_NULL_CONVERSION = YES;
				CLANG_WARN_OBJC_IMPLICIT_RETAIN_SELF = YES;
				CLANG_WARN_OBJC_LITERAL_CONVERSION = YES;
				CLANG_WARN_OBJC_ROOT_CLASS = YES_ERROR;
				CLANG_WARN_QUOTED_INCLUDE_IN_FRAMEWORK_HEADER = YES;
				CLANG_WARN_RANGE_LOOP_ANALYSIS = YES;
				CLANG_WARN_STRICT_PROTOTYPES = YES;
				CLANG_WARN_SUSPICIOUS_MOVE = YES;
				CLANG_WARN_UNGUARDED_AVAILABILITY = YES_AGGRESSIVE;
				CLANG_WARN_UNREACHABLE_CODE = YES;
				CLANG_WARN__DUPLICATE_METHOD_MATCH = YES;
				COPY_PHASE_STRIP = NO;
				DEBUG_INFORMATION_FORMAT = "dwarf-with-dsym";
				ENABLE_NS_ASSERTIONS = NO;
				ENABLE_STRICT_OBJC_MSGSEND = YES;
				GCC_C_LANGUAGE_STANDARD = gnu11;
				GCC_NO_COMMON_BLOCKS = YES;
				GCC_WARN_64_TO_32_BIT_CONVERSION = YES;
				GCC_WARN_ABOUT_RETURN_TYPE = YES_ERROR;
				GCC_WARN_UNDECLARED_SELECTOR = YES;
				GCC_WARN_UNINITIALIZED_AUTOS = YES_AGGRESSIVE;
				GCC_WARN_UNUSED_FUNCTION = YES;
				GCC_WARN_UNUSED_VARIABLE = YES;
				IPHONEOS_DEPLOYMENT_TARGET = 14.5;
				MTL_ENABLE_DEBUG_INFO = NO;
				MTL_FAST_MATH = YES;
				SDKROOT = iphoneos;
				SWIFT_COMPILATION_MODE = wholemodule;
				SWIFT_OPTIMIZATION_LEVEL = "-O";
				VALIDATE_PRODUCT = YES;
			};
			name = Release;
		};
		6986EDFB274FBF50007F7E89 /* Debug */ = {
			isa = XCBuildConfiguration;
			baseConfigurationReference = 578EF1B95DF34FA5C6161E5B /* Pods-IMDBSample.debug.xcconfig */;
			buildSettings = {
				ASSETCATALOG_COMPILER_APPICON_NAME = AppIcon;
				ASSETCATALOG_COMPILER_GLOBAL_ACCENT_COLOR_NAME = AccentColor;
				CODE_SIGN_STYLE = Automatic;
				DEVELOPMENT_ASSET_PATHS = "\"IMDBSample/Preview Content\"";
				ENABLE_PREVIEWS = YES;
				INFOPLIST_FILE = IMDBSample/Info.plist;
				IPHONEOS_DEPLOYMENT_TARGET = 14.0;
				LD_RUNPATH_SEARCH_PATHS = (
					"$(inherited)",
					"@executable_path/Frameworks",
				);
				PRODUCT_BUNDLE_IDENTIFIER = com.integrant.IMDBSample;
				PRODUCT_NAME = "$(TARGET_NAME)";
				SWIFT_VERSION = 5.0;
				TARGETED_DEVICE_FAMILY = "1,2";
			};
			name = Debug;
		};
		6986EDFC274FBF50007F7E89 /* Release */ = {
			isa = XCBuildConfiguration;
			baseConfigurationReference = 8616CD964DD43CA3DC9A5085 /* Pods-IMDBSample.release.xcconfig */;
			buildSettings = {
				ASSETCATALOG_COMPILER_APPICON_NAME = AppIcon;
				ASSETCATALOG_COMPILER_GLOBAL_ACCENT_COLOR_NAME = AccentColor;
				CODE_SIGN_STYLE = Automatic;
				DEVELOPMENT_ASSET_PATHS = "\"IMDBSample/Preview Content\"";
				ENABLE_PREVIEWS = YES;
				INFOPLIST_FILE = IMDBSample/Info.plist;
				IPHONEOS_DEPLOYMENT_TARGET = 14.0;
				LD_RUNPATH_SEARCH_PATHS = (
					"$(inherited)",
					"@executable_path/Frameworks",
				);
				PRODUCT_BUNDLE_IDENTIFIER = com.integrant.IMDBSample;
				PRODUCT_NAME = "$(TARGET_NAME)";
				SWIFT_VERSION = 5.0;
				TARGETED_DEVICE_FAMILY = "1,2";
			};
			name = Release;
		};
		6986EE1A274FD086007F7E89 /* Debug */ = {
			isa = XCBuildConfiguration;
			baseConfigurationReference = 51D2E0F01BB75E238D4E71B5 /* Pods-IMDBSampleTests.debug.xcconfig */;
			buildSettings = {
				BUNDLE_LOADER = "$(TEST_HOST)";
				CODE_SIGN_STYLE = Automatic;
				INFOPLIST_FILE = IMDBSampleTests/Info.plist;
				LD_RUNPATH_SEARCH_PATHS = (
					"$(inherited)",
					"@executable_path/Frameworks",
					"@loader_path/Frameworks",
				);
				PRODUCT_BUNDLE_IDENTIFIER = com.integrant.IMDBSampleTests;
				PRODUCT_NAME = "$(TARGET_NAME)";
				SWIFT_VERSION = 5.0;
				TARGETED_DEVICE_FAMILY = "1,2";
				TEST_HOST = "$(BUILT_PRODUCTS_DIR)/IMDBSample.app/IMDBSample";
			};
			name = Debug;
		};
		6986EE1B274FD086007F7E89 /* Release */ = {
			isa = XCBuildConfiguration;
			baseConfigurationReference = B625A738C3A07AA94A444E7B /* Pods-IMDBSampleTests.release.xcconfig */;
			buildSettings = {
				BUNDLE_LOADER = "$(TEST_HOST)";
				CODE_SIGN_STYLE = Automatic;
				INFOPLIST_FILE = IMDBSampleTests/Info.plist;
				LD_RUNPATH_SEARCH_PATHS = (
					"$(inherited)",
					"@executable_path/Frameworks",
					"@loader_path/Frameworks",
				);
				PRODUCT_BUNDLE_IDENTIFIER = com.integrant.IMDBSampleTests;
				PRODUCT_NAME = "$(TARGET_NAME)";
				SWIFT_VERSION = 5.0;
				TARGETED_DEVICE_FAMILY = "1,2";
				TEST_HOST = "$(BUILT_PRODUCTS_DIR)/IMDBSample.app/IMDBSample";
			};
			name = Release;
		};
/* End XCBuildConfiguration section */

/* Begin XCConfigurationList section */
		6986EDE6274FBF4F007F7E89 /* Build configuration list for PBXProject "IMDBSample" */ = {
			isa = XCConfigurationList;
			buildConfigurations = (
				6986EDF8274FBF50007F7E89 /* Debug */,
				6986EDF9274FBF50007F7E89 /* Release */,
			);
			defaultConfigurationIsVisible = 0;
			defaultConfigurationName = Release;
		};
		6986EDFA274FBF50007F7E89 /* Build configuration list for PBXNativeTarget "IMDBSample" */ = {
			isa = XCConfigurationList;
			buildConfigurations = (
				6986EDFB274FBF50007F7E89 /* Debug */,
				6986EDFC274FBF50007F7E89 /* Release */,
			);
			defaultConfigurationIsVisible = 0;
			defaultConfigurationName = Release;
		};
		6986EE19274FD086007F7E89 /* Build configuration list for PBXNativeTarget "IMDBSampleTests" */ = {
			isa = XCConfigurationList;
			buildConfigurations = (
				6986EE1A274FD086007F7E89 /* Debug */,
				6986EE1B274FD086007F7E89 /* Release */,
			);
			defaultConfigurationIsVisible = 0;
			defaultConfigurationName = Release;
		};
/* End XCConfigurationList section */
	};
	rootObject = 6986EDE3274FBF4F007F7E89 /* Project object */;
}
